
Microsoft Visual Studio Solution File, Format Version 12.00
# Visual Studio Version 17
VisualStudioVersion = 17.3.32819.101
MinimumVisualStudioVersion = 10.0.40219.1
Project("{FAE04EC0-301F-11D3-BF4B-00C04F79EFBC}") = "leap Year App", "leap Year App\leap Year App.csproj", "{02010158-E632-4015-B0FC-D28EF51E0B0C}"
EndProject
Global
	GlobalSection(SolutionConfigurationPlatforms) = preSolution
		Debug|Any CPU = Debug|Any CPU
		Release|Any CPU = Release|Any CPU
	EndGlobalSection
	GlobalSection(ProjectConfigurationPlatforms) = postSolution
		{02010158-E632-4015-B0FC-D28EF51E0B0C}.Debug|Any CPU.ActiveCfg = Debug|Any CPU
		{02010158-E632-4015-B0FC-D28EF51E0B0C}.Debug|Any CPU.Build.0 = Debug|Any CPU
		{02010158-E632-4015-B0FC-D28EF51E0B0C}.Release|Any CPU.ActiveCfg = Release|Any CPU
		{02010158-E632-4015-B0FC-D28EF51E0B0C}.Release|Any CPU.Build.0 = Release|Any CPU
	EndGlobalSection
	GlobalSection(SolutionProperties) = preSolution
		HideSolutionNode = FALSE
	EndGlobalSection
	GlobalSection(ExtensibilityGlobals) = postSolution
		SolutionGuid = {78C5E5ED-A9BB-4B91-BB60-C8412CC8A733}
	EndGlobalSection
EndGlobal
