
Microsoft Visual Studio Solution File, Format Version 12.00
# Visual Studio Version 17
VisualStudioVersion = 17.3.32819.101
MinimumVisualStudioVersion = 10.0.40219.1
Project("{FAE04EC0-301F-11D3-BF4B-00C04F79EFBC}") = "Number Guesser", "Number Guesser\Number Guesser.csproj", "{097C7A8B-0706-412B-B984-74A0B9D17912}"
EndProject
Global
	GlobalSection(SolutionConfigurationPlatforms) = preSolution
		Debug|Any CPU = Debug|Any CPU
		Release|Any CPU = Release|Any CPU
	EndGlobalSection
	GlobalSection(ProjectConfigurationPlatforms) = postSolution
		{097C7A8B-0706-412B-B984-74A0B9D17912}.Debug|Any CPU.ActiveCfg = Debug|Any CPU
		{097C7A8B-0706-412B-B984-74A0B9D17912}.Debug|Any CPU.Build.0 = Debug|Any CPU
		{097C7A8B-0706-412B-B984-74A0B9D17912}.Release|Any CPU.ActiveCfg = Release|Any CPU
		{097C7A8B-0706-412B-B984-74A0B9D17912}.Release|Any CPU.Build.0 = Release|Any CPU
	EndGlobalSection
	GlobalSection(SolutionProperties) = preSolution
		HideSolutionNode = FALSE
	EndGlobalSection
	GlobalSection(ExtensibilityGlobals) = postSolution
		SolutionGuid = {51301314-DDAF-4657-97BD-8E3333A21BA4}
	EndGlobalSection
EndGlobal
